
Microsoft Visual Studio Solution File, Format Version 12.00
# Visual Studio Version 17
VisualStudioVersion = 17.1.32328.378
MinimumVisualStudioVersion = 10.0.40219.1
Project("{FAE04EC0-301F-11D3-BF4B-00C04F79EFBC}") = "SoalTest", "SoalTest.csproj", "{E6F0061A-F71F-4465-BE66-B808C5C9F98A}"
EndProject
Global
	GlobalSection(SolutionConfigurationPlatforms) = preSolution
		Debug|Any CPU = Debug|Any CPU
		Release|Any CPU = Release|Any CPU
	EndGlobalSection
	GlobalSection(ProjectConfigurationPlatforms) = postSolution
		{E6F0061A-F71F-4465-BE66-B808C5C9F98A}.Debug|Any CPU.ActiveCfg = Debug|Any CPU
		{E6F0061A-F71F-4465-BE66-B808C5C9F98A}.Debug|Any CPU.Build.0 = Debug|Any CPU
		{E6F0061A-F71F-4465-BE66-B808C5C9F98A}.Release|Any CPU.ActiveCfg = Release|Any CPU
		{E6F0061A-F71F-4465-BE66-B808C5C9F98A}.Release|Any CPU.Build.0 = Release|Any CPU
	EndGlobalSection
	GlobalSection(SolutionProperties) = preSolution
		HideSolutionNode = FALSE
	EndGlobalSection
	GlobalSection(ExtensibilityGlobals) = postSolution
		SolutionGuid = {38C39DF0-331F-41FA-A3EC-0C2C8758D66C}
	EndGlobalSection
EndGlobal
