
Microsoft Visual Studio Solution File, Format Version 12.00
# Visual Studio Version 17
VisualStudioVersion = 17.1.32328.378
MinimumVisualStudioVersion = 10.0.40219.1
Project("{9A19103F-16F7-4668-BE54-9A1E7A4F7556}") = "SoalTestFrontEnd", "SoalTestFrontEnd.csproj", "{AA9F45D1-9732-4116-929A-9A62C5930CB1}"
EndProject
Global
	GlobalSection(SolutionConfigurationPlatforms) = preSolution
		Debug|Any CPU = Debug|Any CPU
		Release|Any CPU = Release|Any CPU
	EndGlobalSection
	GlobalSection(ProjectConfigurationPlatforms) = postSolution
		{AA9F45D1-9732-4116-929A-9A62C5930CB1}.Debug|Any CPU.ActiveCfg = Debug|Any CPU
		{AA9F45D1-9732-4116-929A-9A62C5930CB1}.Debug|Any CPU.Build.0 = Debug|Any CPU
		{AA9F45D1-9732-4116-929A-9A62C5930CB1}.Release|Any CPU.ActiveCfg = Release|Any CPU
		{AA9F45D1-9732-4116-929A-9A62C5930CB1}.Release|Any CPU.Build.0 = Release|Any CPU
	EndGlobalSection
	GlobalSection(SolutionProperties) = preSolution
		HideSolutionNode = FALSE
	EndGlobalSection
	GlobalSection(ExtensibilityGlobals) = postSolution
		SolutionGuid = {A9A82CD6-1694-425A-8E7A-FC6425B54B15}
	EndGlobalSection
EndGlobal
